
Microsoft Visual Studio Solution File, Format Version 12.00
# Visual Studio Version 17
VisualStudioVersion = 17.9.34616.47
MinimumVisualStudioVersion = 10.0.40219.1
Project("{FAE04EC0-301F-11D3-BF4B-00C04F79EFBC}") = "JP_R2_Assignment", "JP_R2_Assignment.csproj", "{CE72B515-B3FB-4103-AB08-5642D8F7B223}"
EndProject
Global
	GlobalSection(SolutionConfigurationPlatforms) = preSolution
		Debug|Any CPU = Debug|Any CPU
		Release|Any CPU = Release|Any CPU
	EndGlobalSection
	GlobalSection(ProjectConfigurationPlatforms) = postSolution
		{CE72B515-B3FB-4103-AB08-5642D8F7B223}.Debug|Any CPU.ActiveCfg = Debug|Any CPU
		{CE72B515-B3FB-4103-AB08-5642D8F7B223}.Debug|Any CPU.Build.0 = Debug|Any CPU
		{CE72B515-B3FB-4103-AB08-5642D8F7B223}.Release|Any CPU.ActiveCfg = Release|Any CPU
		{CE72B515-B3FB-4103-AB08-5642D8F7B223}.Release|Any CPU.Build.0 = Release|Any CPU
	EndGlobalSection
	GlobalSection(SolutionProperties) = preSolution
		HideSolutionNode = FALSE
	EndGlobalSection
	GlobalSection(ExtensibilityGlobals) = postSolution
		SolutionGuid = {EEE08443-4826-4856-AB4F-2ADA59D44621}
	EndGlobalSection
EndGlobal
